
Microsoft Visual Studio Solution File, Format Version 12.00
# Visual Studio Version 16
VisualStudioVersion = 16.0.29020.237
MinimumVisualStudioVersion = 10.0.40219.1
Project("{FAE04EC0-301F-11D3-BF4B-00C04F79EFBC}") = "ISEM551Project", "ISEM551Project.csproj", "{74B6CEA7-1B79-41D5-AB84-731665C72BFB}"
EndProject
Project("{FAE04EC0-301F-11D3-BF4B-00C04F79EFBC}") = "DataLayer", "..\DataLayer\DataLayer.csproj", "{2D916963-474C-459E-940E-72C98AE99CB6}"
EndProject
Project("{FAE04EC0-301F-11D3-BF4B-00C04F79EFBC}") = "Models", "..\Models\Models.csproj", "{6674BC4A-EE03-4D96-8CB2-555474E4C490}"
EndProject
Project("{FAE04EC0-301F-11D3-BF4B-00C04F79EFBC}") = "BusinessLayer", "..\BusinessLayer\BusinessLayer.csproj", "{A476D1EF-2628-42FA-ACD3-3A453EC5B683}"
	ProjectSection(ProjectDependencies) = postProject
		{65824573-2139-49D0-B1A1-16105A3F2240} = {65824573-2139-49D0-B1A1-16105A3F2240}
	EndProjectSection
EndProject
Project("{FAE04EC0-301F-11D3-BF4B-00C04F79EFBC}") = "MyService", "..\MyService\MyService.csproj", "{65824573-2139-49D0-B1A1-16105A3F2240}"
EndProject
Global
	GlobalSection(SolutionConfigurationPlatforms) = preSolution
		Debug|Any CPU = Debug|Any CPU
		Release|Any CPU = Release|Any CPU
	EndGlobalSection
	GlobalSection(ProjectConfigurationPlatforms) = postSolution
		{74B6CEA7-1B79-41D5-AB84-731665C72BFB}.Debug|Any CPU.ActiveCfg = Debug|Any CPU
		{74B6CEA7-1B79-41D5-AB84-731665C72BFB}.Debug|Any CPU.Build.0 = Debug|Any CPU
		{74B6CEA7-1B79-41D5-AB84-731665C72BFB}.Release|Any CPU.ActiveCfg = Release|Any CPU
		{74B6CEA7-1B79-41D5-AB84-731665C72BFB}.Release|Any CPU.Build.0 = Release|Any CPU
		{2D916963-474C-459E-940E-72C98AE99CB6}.Debug|Any CPU.ActiveCfg = Debug|Any CPU
		{2D916963-474C-459E-940E-72C98AE99CB6}.Debug|Any CPU.Build.0 = Debug|Any CPU
		{2D916963-474C-459E-940E-72C98AE99CB6}.Release|Any CPU.ActiveCfg = Release|Any CPU
		{2D916963-474C-459E-940E-72C98AE99CB6}.Release|Any CPU.Build.0 = Release|Any CPU
		{6674BC4A-EE03-4D96-8CB2-555474E4C490}.Debug|Any CPU.ActiveCfg = Debug|Any CPU
		{6674BC4A-EE03-4D96-8CB2-555474E4C490}.Debug|Any CPU.Build.0 = Debug|Any CPU
		{6674BC4A-EE03-4D96-8CB2-555474E4C490}.Release|Any CPU.ActiveCfg = Release|Any CPU
		{6674BC4A-EE03-4D96-8CB2-555474E4C490}.Release|Any CPU.Build.0 = Release|Any CPU
		{A476D1EF-2628-42FA-ACD3-3A453EC5B683}.Debug|Any CPU.ActiveCfg = Debug|Any CPU
		{A476D1EF-2628-42FA-ACD3-3A453EC5B683}.Debug|Any CPU.Build.0 = Debug|Any CPU
		{A476D1EF-2628-42FA-ACD3-3A453EC5B683}.Release|Any CPU.ActiveCfg = Release|Any CPU
		{A476D1EF-2628-42FA-ACD3-3A453EC5B683}.Release|Any CPU.Build.0 = Release|Any CPU
		{65824573-2139-49D0-B1A1-16105A3F2240}.Debug|Any CPU.ActiveCfg = Debug|Any CPU
		{65824573-2139-49D0-B1A1-16105A3F2240}.Debug|Any CPU.Build.0 = Debug|Any CPU
		{65824573-2139-49D0-B1A1-16105A3F2240}.Release|Any CPU.ActiveCfg = Release|Any CPU
		{65824573-2139-49D0-B1A1-16105A3F2240}.Release|Any CPU.Build.0 = Release|Any CPU
	EndGlobalSection
	GlobalSection(SolutionProperties) = preSolution
		HideSolutionNode = FALSE
	EndGlobalSection
	GlobalSection(ExtensibilityGlobals) = postSolution
		SolutionGuid = {C02D37A9-F30C-4E80-A183-15E24E53839A}
	EndGlobalSection
EndGlobal
