
Microsoft Visual Studio Solution File, Format Version 12.00
# Visual Studio Version 16
VisualStudioVersion = 16.0.29020.237
MinimumVisualStudioVersion = 10.0.40219.1
Project("{FAE04EC0-301F-11D3-BF4B-00C04F79EFBC}") = "Project1", "Project1\Project1.csproj", "{478D7FA8-ED98-447B-BB76-4CA9040ECE70}"
EndProject
Global
	GlobalSection(SolutionConfigurationPlatforms) = preSolution
		Debug|Any CPU = Debug|Any CPU
		Release|Any CPU = Release|Any CPU
	EndGlobalSection
	GlobalSection(ProjectConfigurationPlatforms) = postSolution
		{478D7FA8-ED98-447B-BB76-4CA9040ECE70}.Debug|Any CPU.ActiveCfg = Debug|Any CPU
		{478D7FA8-ED98-447B-BB76-4CA9040ECE70}.Debug|Any CPU.Build.0 = Debug|Any CPU
		{478D7FA8-ED98-447B-BB76-4CA9040ECE70}.Release|Any CPU.ActiveCfg = Release|Any CPU
		{478D7FA8-ED98-447B-BB76-4CA9040ECE70}.Release|Any CPU.Build.0 = Release|Any CPU
	EndGlobalSection
	GlobalSection(SolutionProperties) = preSolution
		HideSolutionNode = FALSE
	EndGlobalSection
	GlobalSection(ExtensibilityGlobals) = postSolution
		SolutionGuid = {0A7D0FB9-B705-4332-B149-32F0E2421F3C}
	EndGlobalSection
EndGlobal
